
Microsoft Visual Studio Solution File, Format Version 12.00
# Visual Studio 15
VisualStudioVersion = 15.0.28307.902
MinimumVisualStudioVersion = 10.0.40219.1
Project("{FAE04EC0-301F-11D3-BF4B-00C04F79EFBC}") = "vnGeoJson", "vnGeoJson\vnGeoJson.csproj", "{4824C638-5D84-4636-8AAD-13D8038AD9E5}"
EndProject
Global
	GlobalSection(SolutionConfigurationPlatforms) = preSolution
		Debug|Any CPU = Debug|Any CPU
		Release|Any CPU = Release|Any CPU
	EndGlobalSection
	GlobalSection(ProjectConfigurationPlatforms) = postSolution
		{4824C638-5D84-4636-8AAD-13D8038AD9E5}.Debug|Any CPU.ActiveCfg = Debug|Any CPU
		{4824C638-5D84-4636-8AAD-13D8038AD9E5}.Debug|Any CPU.Build.0 = Debug|Any CPU
		{4824C638-5D84-4636-8AAD-13D8038AD9E5}.Release|Any CPU.ActiveCfg = Release|Any CPU
		{4824C638-5D84-4636-8AAD-13D8038AD9E5}.Release|Any CPU.Build.0 = Release|Any CPU
	EndGlobalSection
	GlobalSection(SolutionProperties) = preSolution
		HideSolutionNode = FALSE
	EndGlobalSection
	GlobalSection(ExtensibilityGlobals) = postSolution
		SolutionGuid = {49A9BFA0-76B7-4164-86B9-045A0283B2A1}
	EndGlobalSection
EndGlobal
